{
  "version": 4,
  "terraform_version": "0.14.8",
  "serial": 42,
  "lineage": "9290ddd4-2f4b-b407-9922-07ee032b70ac",
  "outputs": {},
  "resources": [
    {
      "module": "module.lambda_emailer_api_gateway_module",
      "mode": "managed",
      "type": "aws_api_gateway_deployment",
      "name": "production",
      "provider": "provider[\"registry.terraform.io/hashicorp/aws\"]",
      "instances": [
        {
          "schema_version": 0,
          "attributes": {
            "created_date": "2021-04-14T00:19:46Z",
            "description": "Deployed at 2021-04-14T00:19:46Z",
            "execution_arn": "arn:aws:execute-api:us-east-1:978112816025:56t98wdogh/prod",
            "id": "rgzxka",
            "invoke_url": "https://56t98wdogh.execute-api.us-east-1.amazonaws.com/prod",
            "rest_api_id": "56t98wdogh",
            "stage_description": "Deployed at 2021-04-14T00:19:46Z",
            "stage_name": "prod",
            "triggers": null,
            "variables": null
          },
          "sensitive_attributes": [],
          "private": "bnVsbA==",
          "dependencies": [
            "module.lambda_emailer_api_gateway_module.aws_api_gateway_integration.integration",
            "module.lambda_emailer_api_gateway_module.aws_api_gateway_rest_api.default"
          ],
          "create_before_destroy": true
        }
      ]
    },
    {
      "module": "module.lambda_emailer_api_gateway_module",
      "mode": "managed",
      "type": "aws_api_gateway_integration",
      "name": "integration",
      "provider": "provider[\"registry.terraform.io/hashicorp/aws\"]",
      "instances": [
        {
          "schema_version": 0,
          "attributes": {
            "cache_key_parameters": [],
            "cache_namespace": "uiq6to",
            "connection_id": "",
            "connection_type": "INTERNET",
            "content_handling": "",
            "credentials": "",
            "http_method": "POST",
            "id": "agi-56t98wdogh-uiq6to-POST",
            "integration_http_method": "POST",
            "passthrough_behavior": "WHEN_NO_MATCH",
            "request_parameters": {},
            "request_templates": {},
            "resource_id": "uiq6to",
            "rest_api_id": "56t98wdogh",
            "timeout_milliseconds": 29000,
            "tls_config": [],
            "type": "AWS_PROXY",
            "uri": "arn:aws:apigateway:us-east-1:lambda:path/2015-03-31/functions/arn:aws:lambda:us-east-1:978112816025:function:lambda-emailer-demo-lambda-sendmail/invocations"
          },
          "sensitive_attributes": [],
          "private": "bnVsbA==",
          "dependencies": [
            "module.lambda_emailer_api_gateway_module.aws_api_gateway_method.sendmail",
            "module.lambda_emailer_api_gateway_module.aws_api_gateway_resource.main",
            "module.lambda_emailer_api_gateway_module.aws_api_gateway_rest_api.default",
            "module.lambda_emailer_function_module.aws_iam_role.iam_for_lambda",
            "module.lambda_emailer_function_module.aws_lambda_function.sendmail"
          ],
          "create_before_destroy": true
        }
      ]
    },
    {
      "module": "module.lambda_emailer_api_gateway_module",
      "mode": "managed",
      "type": "aws_api_gateway_integration",
      "name": "options_integration",
      "provider": "provider[\"registry.terraform.io/hashicorp/aws\"]",
      "instances": [
        {
          "schema_version": 0,
          "attributes": {
            "cache_key_parameters": [],
            "cache_namespace": "uiq6to",
            "connection_id": "",
            "connection_type": "INTERNET",
            "content_handling": "",
            "credentials": "",
            "http_method": "OPTIONS",
            "id": "agi-56t98wdogh-uiq6to-OPTIONS",
            "integration_http_method": "",
            "passthrough_behavior": "WHEN_NO_MATCH",
            "request_parameters": {},
            "request_templates": {
              "application/json": "{\"statusCode\":200}"
            },
            "resource_id": "uiq6to",
            "rest_api_id": "56t98wdogh",
            "timeout_milliseconds": 29000,
            "tls_config": [],
            "type": "MOCK",
            "uri": ""
          },
          "sensitive_attributes": [],
          "private": "bnVsbA==",
          "dependencies": [
            "module.lambda_emailer_api_gateway_module.aws_api_gateway_method.options_method",
            "module.lambda_emailer_api_gateway_module.aws_api_gateway_resource.main",
            "module.lambda_emailer_api_gateway_module.aws_api_gateway_rest_api.default"
          ]
        }
      ]
    },
    {
      "module": "module.lambda_emailer_api_gateway_module",
      "mode": "managed",
      "type": "aws_api_gateway_integration_response",
      "name": "integration_response",
      "provider": "provider[\"registry.terraform.io/hashicorp/aws\"]",
      "instances": [
        {
          "schema_version": 0,
          "attributes": {
            "content_handling": "",
            "http_method": "POST",
            "id": "agir-56t98wdogh-uiq6to-POST-200",
            "resource_id": "uiq6to",
            "response_parameters": {
              "method.response.header.Access-Control-Allow-Origin": "'*'"
            },
            "response_templates": {},
            "rest_api_id": "56t98wdogh",
            "selection_pattern": "",
            "status_code": "200"
          },
          "sensitive_attributes": [],
          "private": "bnVsbA==",
          "dependencies": [
            "module.lambda_emailer_api_gateway_module.aws_api_gateway_integration.integration",
            "module.lambda_emailer_api_gateway_module.aws_api_gateway_method.sendmail",
            "module.lambda_emailer_api_gateway_module.aws_api_gateway_method_response.response_200",
            "module.lambda_emailer_api_gateway_module.aws_api_gateway_resource.main",
            "module.lambda_emailer_api_gateway_module.aws_api_gateway_rest_api.default",
            "module.lambda_emailer_function_module.aws_iam_role.iam_for_lambda",
            "module.lambda_emailer_function_module.aws_lambda_function.sendmail"
          ]
        }
      ]
    },
    {
      "module": "module.lambda_emailer_api_gateway_module",
      "mode": "managed",
      "type": "aws_api_gateway_integration_response",
      "name": "options_integration_response",
      "provider": "provider[\"registry.terraform.io/hashicorp/aws\"]",
      "instances": [
        {
          "schema_version": 0,
          "attributes": {
            "content_handling": "",
            "http_method": "OPTIONS",
            "id": "agir-56t98wdogh-uiq6to-OPTIONS-200",
            "resource_id": "uiq6to",
            "response_parameters": {
              "method.response.header.Access-Control-Allow-Headers": "'Content-Type,X-Amz-Date,Authorization,X-Api-Key,X-Amz-Security-Token'",
              "method.response.header.Access-Control-Allow-Methods": "'OPTIONS,POST'",
              "method.response.header.Access-Control-Allow-Origin": "'*'"
            },
            "response_templates": {
              "application/json": ""
            },
            "rest_api_id": "56t98wdogh",
            "selection_pattern": "",
            "status_code": "200"
          },
          "sensitive_attributes": [],
          "private": "bnVsbA==",
          "dependencies": [
            "module.lambda_emailer_api_gateway_module.aws_api_gateway_method.options_method",
            "module.lambda_emailer_api_gateway_module.aws_api_gateway_method_response.options_200",
            "module.lambda_emailer_api_gateway_module.aws_api_gateway_resource.main",
            "module.lambda_emailer_api_gateway_module.aws_api_gateway_rest_api.default"
          ]
        }
      ]
    },
    {
      "module": "module.lambda_emailer_api_gateway_module",
      "mode": "managed",
      "type": "aws_api_gateway_method",
      "name": "options_method",
      "provider": "provider[\"registry.terraform.io/hashicorp/aws\"]",
      "instances": [
        {
          "schema_version": 0,
          "attributes": {
            "api_key_required": false,
            "authorization": "NONE",
            "authorization_scopes": [],
            "authorizer_id": "",
            "http_method": "OPTIONS",
            "id": "agm-56t98wdogh-uiq6to-OPTIONS",
            "operation_name": "",
            "request_models": {},
            "request_parameters": {},
            "request_validator_id": "",
            "resource_id": "uiq6to",
            "rest_api_id": "56t98wdogh"
          },
          "sensitive_attributes": [],
          "private": "bnVsbA==",
          "dependencies": [
            "module.lambda_emailer_api_gateway_module.aws_api_gateway_resource.main",
            "module.lambda_emailer_api_gateway_module.aws_api_gateway_rest_api.default"
          ]
        }
      ]
    },
    {
      "module": "module.lambda_emailer_api_gateway_module",
      "mode": "managed",
      "type": "aws_api_gateway_method",
      "name": "sendmail",
      "provider": "provider[\"registry.terraform.io/hashicorp/aws\"]",
      "instances": [
        {
          "schema_version": 0,
          "attributes": {
            "api_key_required": false,
            "authorization": "NONE",
            "authorization_scopes": [],
            "authorizer_id": "",
            "http_method": "POST",
            "id": "agm-56t98wdogh-uiq6to-POST",
            "operation_name": "",
            "request_models": {},
            "request_parameters": {},
            "request_validator_id": "",
            "resource_id": "uiq6to",
            "rest_api_id": "56t98wdogh"
          },
          "sensitive_attributes": [],
          "private": "bnVsbA==",
          "dependencies": [
            "module.lambda_emailer_api_gateway_module.aws_api_gateway_resource.main",
            "module.lambda_emailer_api_gateway_module.aws_api_gateway_rest_api.default"
          ],
          "create_before_destroy": true
        }
      ]
    },
    {
      "module": "module.lambda_emailer_api_gateway_module",
      "mode": "managed",
      "type": "aws_api_gateway_method_response",
      "name": "options_200",
      "provider": "provider[\"registry.terraform.io/hashicorp/aws\"]",
      "instances": [
        {
          "schema_version": 0,
          "attributes": {
            "http_method": "OPTIONS",
            "id": "agmr-56t98wdogh-uiq6to-OPTIONS-200",
            "resource_id": "uiq6to",
            "response_models": {
              "application/json": "Empty"
            },
            "response_parameters": {
              "method.response.header.Access-Control-Allow-Headers": false,
              "method.response.header.Access-Control-Allow-Methods": false,
              "method.response.header.Access-Control-Allow-Origin": false
            },
            "rest_api_id": "56t98wdogh",
            "status_code": "200"
          },
          "sensitive_attributes": [],
          "private": "bnVsbA==",
          "dependencies": [
            "module.lambda_emailer_api_gateway_module.aws_api_gateway_method.options_method",
            "module.lambda_emailer_api_gateway_module.aws_api_gateway_resource.main",
            "module.lambda_emailer_api_gateway_module.aws_api_gateway_rest_api.default"
          ]
        }
      ]
    },
    {
      "module": "module.lambda_emailer_api_gateway_module",
      "mode": "managed",
      "type": "aws_api_gateway_method_response",
      "name": "response_200",
      "provider": "provider[\"registry.terraform.io/hashicorp/aws\"]",
      "instances": [
        {
          "schema_version": 0,
          "attributes": {
            "http_method": "POST",
            "id": "agmr-56t98wdogh-uiq6to-POST-200",
            "resource_id": "uiq6to",
            "response_models": {},
            "response_parameters": {
              "method.response.header.Access-Control-Allow-Origin": false
            },
            "rest_api_id": "56t98wdogh",
            "status_code": "200"
          },
          "sensitive_attributes": [],
          "private": "bnVsbA==",
          "dependencies": [
            "module.lambda_emailer_api_gateway_module.aws_api_gateway_method.sendmail",
            "module.lambda_emailer_api_gateway_module.aws_api_gateway_resource.main",
            "module.lambda_emailer_api_gateway_module.aws_api_gateway_rest_api.default"
          ]
        }
      ]
    },
    {
      "module": "module.lambda_emailer_api_gateway_module",
      "mode": "managed",
      "type": "aws_api_gateway_resource",
      "name": "main",
      "provider": "provider[\"registry.terraform.io/hashicorp/aws\"]",
      "instances": [
        {
          "schema_version": 0,
          "attributes": {
            "id": "uiq6to",
            "parent_id": "opva8j3pag",
            "path": "/contact",
            "path_part": "contact",
            "rest_api_id": "56t98wdogh"
          },
          "sensitive_attributes": [],
          "private": "bnVsbA==",
          "dependencies": [
            "module.lambda_emailer_api_gateway_module.aws_api_gateway_rest_api.default"
          ],
          "create_before_destroy": true
        }
      ]
    },
    {
      "module": "module.lambda_emailer_api_gateway_module",
      "mode": "managed",
      "type": "aws_api_gateway_rest_api",
      "name": "default",
      "provider": "provider[\"registry.terraform.io/hashicorp/aws\"]",
      "instances": [
        {
          "schema_version": 0,
          "attributes": {
            "api_key_source": "HEADER",
            "arn": "arn:aws:apigateway:us-east-1::/restapis/56t98wdogh",
            "binary_media_types": [],
            "body": null,
            "created_date": "2021-04-13T17:33:07Z",
            "description": "API gateway for las",
            "disable_execute_api_endpoint": false,
            "endpoint_configuration": [
              {
                "types": [
                  "EDGE"
                ],
                "vpc_endpoint_ids": []
              }
            ],
            "execution_arn": "arn:aws:execute-api:us-east-1:978112816025:56t98wdogh",
            "id": "56t98wdogh",
            "minimum_compression_size": -1,
            "name": "lambda-emailer-demo-lambda-api-gateway",
            "parameters": null,
            "policy": "",
            "root_resource_id": "opva8j3pag",
            "tags": {}
          },
          "sensitive_attributes": [],
          "private": "bnVsbA==",
          "create_before_destroy": true
        }
      ]
    },
    {
      "module": "module.lambda_emailer_api_gateway_module",
      "mode": "managed",
      "type": "aws_api_gateway_usage_plan",
      "name": "MyUsagePlan",
      "provider": "provider[\"registry.terraform.io/hashicorp/aws\"]",
      "instances": [
        {
          "schema_version": 0,
          "attributes": {
            "api_stages": [
              {
                "api_id": "56t98wdogh",
                "stage": "prod"
              }
            ],
            "arn": "arn:aws:apigateway:us-east-1::/usageplans/fgftau",
            "description": "my description",
            "id": "fgftau",
            "name": "my-usage-plan",
            "product_code": "MYCODE",
            "quota_settings": [
              {
                "limit": 5,
                "offset": 2,
                "period": "WEEK"
              }
            ],
            "tags": {},
            "throttle_settings": [
              {
                "burst_limit": 5,
                "rate_limit": 10
              }
            ]
          },
          "sensitive_attributes": [],
          "private": "bnVsbA==",
          "dependencies": [
            "module.lambda_emailer_api_gateway_module.aws_api_gateway_deployment.production",
            "module.lambda_emailer_api_gateway_module.aws_api_gateway_integration.integration",
            "module.lambda_emailer_api_gateway_module.aws_api_gateway_method.sendmail",
            "module.lambda_emailer_api_gateway_module.aws_api_gateway_resource.main",
            "module.lambda_emailer_api_gateway_module.aws_api_gateway_rest_api.default",
            "module.lambda_emailer_function_module.aws_iam_role.iam_for_lambda",
            "module.lambda_emailer_function_module.aws_lambda_function.sendmail"
          ]
        }
      ]
    },
    {
      "module": "module.lambda_emailer_api_gateway_module",
      "mode": "managed",
      "type": "aws_lambda_permission",
      "name": "allow_api_gateway",
      "provider": "provider[\"registry.terraform.io/hashicorp/aws\"]",
      "instances": [
        {
          "schema_version": 0,
          "attributes": {
            "action": "lambda:InvokeFunction",
            "event_source_token": null,
            "function_name": "lambda-emailer-demo-lambda-sendmail",
            "id": "contact",
            "principal": "apigateway.amazonaws.com",
            "qualifier": "",
            "source_account": null,
            "source_arn": "arn:aws:execute-api:us-east-1:978112816025:56t98wdogh/*/POST/contact",
            "statement_id": "contact",
            "statement_id_prefix": null
          },
          "sensitive_attributes": [],
          "private": "bnVsbA==",
          "dependencies": [
            "module.lambda_emailer_api_gateway_module.aws_api_gateway_rest_api.default",
            "module.lambda_emailer_function_module.aws_iam_role.iam_for_lambda",
            "module.lambda_emailer_function_module.aws_lambda_function.sendmail"
          ]
        }
      ]
    },
    {
      "module": "module.lambda_emailer_function_module",
      "mode": "managed",
      "type": "aws_iam_role",
      "name": "iam_for_lambda",
      "provider": "provider[\"registry.terraform.io/hashicorp/aws\"]",
      "instances": [
        {
          "schema_version": 0,
          "attributes": {
            "arn": "arn:aws:iam::978112816025:role/lambda-emailer-demo-lambda-role",
            "assume_role_policy": "{\"Version\":\"2012-10-17\",\"Statement\":[{\"Sid\":\"\",\"Effect\":\"Allow\",\"Principal\":{\"Service\":\"lambda.amazonaws.com\"},\"Action\":\"sts:AssumeRole\"}]}",
            "create_date": "2021-04-13T17:33:07Z",
            "description": "",
            "force_detach_policies": false,
            "id": "lambda-emailer-demo-lambda-role",
            "inline_policy": [
              {
                "name": "",
                "policy": ""
              }
            ],
            "managed_policy_arns": [
              "arn:aws:iam::aws:policy/AmazonSESFullAccess",
              "arn:aws:iam::aws:policy/CloudWatchFullAccess"
            ],
            "max_session_duration": 3600,
            "name": "lambda-emailer-demo-lambda-role",
            "name_prefix": null,
            "path": "/",
            "permissions_boundary": null,
            "tags": {},
            "unique_id": "AROA6HPAREOMTYQS5FX5W"
          },
          "sensitive_attributes": [],
          "private": "bnVsbA==",
          "create_before_destroy": true
        }
      ]
    },
    {
      "module": "module.lambda_emailer_function_module",
      "mode": "managed",
      "type": "aws_iam_role_policy_attachment",
      "name": "role-policy-attachment",
      "provider": "provider[\"registry.terraform.io/hashicorp/aws\"]",
      "instances": [
        {
          "index_key": 0,
          "schema_version": 0,
          "attributes": {
            "id": "lambda-emailer-demo-lambda-role-20210413173307627900000002",
            "policy_arn": "arn:aws:iam::aws:policy/CloudWatchFullAccess",
            "role": "lambda-emailer-demo-lambda-role"
          },
          "sensitive_attributes": [],
          "private": "bnVsbA==",
          "dependencies": [
            "module.lambda_emailer_function_module.aws_iam_role.iam_for_lambda"
          ]
        },
        {
          "index_key": 1,
          "schema_version": 0,
          "attributes": {
            "id": "lambda-emailer-demo-lambda-role-20210413173307625000000001",
            "policy_arn": "arn:aws:iam::aws:policy/AmazonSESFullAccess",
            "role": "lambda-emailer-demo-lambda-role"
          },
          "sensitive_attributes": [],
          "private": "bnVsbA==",
          "dependencies": [
            "module.lambda_emailer_function_module.aws_iam_role.iam_for_lambda"
          ]
        }
      ]
    },
    {
      "module": "module.lambda_emailer_function_module",
      "mode": "managed",
      "type": "aws_lambda_function",
      "name": "sendmail",
      "provider": "provider[\"registry.terraform.io/hashicorp/aws\"]",
      "instances": [
        {
          "schema_version": 0,
          "attributes": {
            "arn": "arn:aws:lambda:us-east-1:978112816025:function:lambda-emailer-demo-lambda-sendmail",
            "code_signing_config_arn": "",
            "dead_letter_config": [],
            "description": "",
            "environment": [
              {
                "variables": {
                  "RECAPTCHA_BYPASS_CODE": "ChangeThis",
                  "RECAPTCHA_SECRET": "get-this-from-recaptcha-portal",
                  "STATIC_RECEIVER_EMAIL": "dude@example.com",
                  "STATIC_SENDER_EMAIL": "dudet@example.com",
                  "billing": "lambda-emailer-demo-lambda-biller"
                }
              }
            ],
            "file_system_config": [],
            "filename": "/Users/dwd/work/terraform/terraform-aws-modules/demos/lambdaEmailer/dist-lambda/exports.js.zip",
            "function_name": "lambda-emailer-demo-lambda-sendmail",
            "handler": "exports.handler",
            "id": "lambda-emailer-demo-lambda-sendmail",
            "image_config": [],
            "image_uri": "",
            "invoke_arn": "arn:aws:apigateway:us-east-1:lambda:path/2015-03-31/functions/arn:aws:lambda:us-east-1:978112816025:function:lambda-emailer-demo-lambda-sendmail/invocations",
            "kms_key_arn": "",
            "last_modified": "2021-04-14T00:19:46.915+0000",
            "layers": [],
            "memory_size": 128,
            "package_type": "Zip",
            "publish": false,
            "qualified_arn": "arn:aws:lambda:us-east-1:978112816025:function:lambda-emailer-demo-lambda-sendmail:$LATEST",
            "reserved_concurrent_executions": -1,
            "role": "arn:aws:iam::978112816025:role/lambda-emailer-demo-lambda-role",
            "runtime": "nodejs10.x",
            "s3_bucket": null,
            "s3_key": null,
            "s3_object_version": null,
            "signing_job_arn": "",
            "signing_profile_version_arn": "",
            "source_code_hash": "4MnZ9l65WmXYiqd4aBqKsSwuND/bRHe8P+volOSbBCA=",
            "source_code_size": 22905,
            "tags": {},
            "timeout": 3,
            "timeouts": null,
            "tracing_config": [
              {
                "mode": "PassThrough"
              }
            ],
            "version": "$LATEST",
            "vpc_config": []
          },
          "sensitive_attributes": [],
          "private": "eyJlMmJmYjczMC1lY2FhLTExZTYtOGY4OC0zNDM2M2JjN2M0YzAiOnsiY3JlYXRlIjo2MDAwMDAwMDAwMDB9fQ==",
          "dependencies": [
            "module.lambda_emailer_function_module.aws_iam_role.iam_for_lambda"
          ]
        }
      ]
    }
  ]
}
