{
  "version": 4,
  "terraform_version": "0.14.8",
  "serial": 6,
  "lineage": "39f02796-d65c-4184-2d83-46a784012015",
  "outputs": {},
  "resources": [
    {
      "module": "module.dev_s3_bucket_module",
      "mode": "managed",
      "type": "aws_s3_bucket",
      "name": "my_bucket_resource",
      "provider": "provider[\"registry.terraform.io/hashicorp/aws\"]",
      "instances": [
        {
          "schema_version": 0,
          "attributes": {
            "acceleration_status": "",
            "acl": "public-read",
            "arn": "arn:aws:s3:::simple-site-s3-bucket",
            "bucket": "simple-site-s3-bucket",
            "bucket_domain_name": "simple-site-s3-bucket.s3.amazonaws.com",
            "bucket_prefix": null,
            "bucket_regional_domain_name": "simple-site-s3-bucket.s3.amazonaws.com",
            "cors_rule": [],
            "force_destroy": false,
            "grant": [],
            "hosted_zone_id": "Z3AQBSTGFYJSTF",
            "id": "simple-site-s3-bucket",
            "lifecycle_rule": [],
            "logging": [],
            "object_lock_configuration": [],
            "policy": "{\"Statement\":[{\"Action\":\"s3:GetObject\",\"Effect\":\"Allow\",\"Principal\":\"*\",\"Resource\":\"arn:aws:s3:::simple-site-s3-bucket/*\",\"Sid\":\"AddPerm\"}],\"Version\":\"2012-10-17\"}",
            "region": "us-east-1",
            "replication_configuration": [],
            "request_payer": "BucketOwner",
            "server_side_encryption_configuration": [],
            "tags": {},
            "versioning": [
              {
                "enabled": false,
                "mfa_delete": false
              }
            ],
            "website": [
              {
                "error_document": "index.html",
                "index_document": "index.html",
                "redirect_all_requests_to": "",
                "routing_rules": "[{\"Condition\":{\"KeyPrefixEquals\":\"docs/\"},\"Redirect\":{\"ReplaceKeyPrefixWith\":\"documents/\"}}]"
              }
            ],
            "website_domain": "s3-website-us-east-1.amazonaws.com",
            "website_endpoint": "simple-site-s3-bucket.s3-website-us-east-1.amazonaws.com"
          },
          "sensitive_attributes": []
        }
      ]
    }
  ]
}
